// !$*UTF8*$!
{
	archiveVersion = 1;
	classes = {
	};
	objectVersion = 56;
	objects = {

/* Begin PBXBuildFile section */
		42F176F15F29E331BDF292C7 /* Pods_MS_Shopping_Demo.framework in Frameworks */ = {isa = PBXBuildFile; fileRef = 544C37096C672FCB8584C817 /* Pods_MS_Shopping_Demo.framework */; };
		6A7F5E2129D1FD0F0014CE24 /* Realm in Frameworks */ = {isa = PBXBuildFile; productRef = 6A7F5E2029D1FD0F0014CE24 /* Realm */; };
		6A7F5E2329D1FD0F0014CE24 /* RealmSwift in Frameworks */ = {isa = PBXBuildFile; productRef = 6A7F5E2229D1FD0F0014CE24 /* RealmSwift */; };
		6A7F5E2629D264FA0014CE24 /* ZzimGoods.swift in Sources */ = {isa = PBXBuildFile; fileRef = 6A7F5E2529D264FA0014CE24 /* ZzimGoods.swift */; };
		6A7F5E2829D278010014CE24 /* ZzimViewModel.swift in Sources */ = {isa = PBXBuildFile; fileRef = 6A7F5E2729D278010014CE24 /* ZzimViewModel.swift */; };
		6AA2C98E29CC9E4600D560FB /* BannerCell.swift in Sources */ = {isa = PBXBuildFile; fileRef = 6AA2C98D29CC9E4600D560FB /* BannerCell.swift */; };
		6AA2C99029CC9E6A00D560FB /* GoodsCell.swift in Sources */ = {isa = PBXBuildFile; fileRef = 6AA2C98F29CC9E6A00D560FB /* GoodsCell.swift */; };
		6AD2003729D154FD00F4372E /* ViewBanner.swift in Sources */ = {isa = PBXBuildFile; fileRef = 6AD2003629D154FD00F4372E /* ViewBanner.swift */; };
		6AD2003929D156D700F4372E /* ViewGoods.swift in Sources */ = {isa = PBXBuildFile; fileRef = 6AD2003829D156D700F4372E /* ViewGoods.swift */; };
		6AD95B4F29CD890F007F2B54 /* UIColor+Ext.swift in Sources */ = {isa = PBXBuildFile; fileRef = 6AD95B4E29CD890F007F2B54 /* UIColor+Ext.swift */; };
		6AD95B5129CD925D007F2B54 /* Int+Ext.swift in Sources */ = {isa = PBXBuildFile; fileRef = 6AD95B5029CD925D007F2B54 /* Int+Ext.swift */; };
		6AE43D8429CC2EA60058F5B7 /* AppDelegate.swift in Sources */ = {isa = PBXBuildFile; fileRef = 6AE43D8329CC2EA60058F5B7 /* AppDelegate.swift */; };
		6AE43D8629CC2EA60058F5B7 /* SceneDelegate.swift in Sources */ = {isa = PBXBuildFile; fileRef = 6AE43D8529CC2EA60058F5B7 /* SceneDelegate.swift */; };
		6AE43D8829CC2EA60058F5B7 /* ViewController.swift in Sources */ = {isa = PBXBuildFile; fileRef = 6AE43D8729CC2EA60058F5B7 /* ViewController.swift */; };
		6AE43D8D29CC2EA60058F5B7 /* Assets.xcassets in Resources */ = {isa = PBXBuildFile; fileRef = 6AE43D8C29CC2EA60058F5B7 /* Assets.xcassets */; };
		6AE43D9029CC2EA60058F5B7 /* LaunchScreen.storyboard in Resources */ = {isa = PBXBuildFile; fileRef = 6AE43D8E29CC2EA60058F5B7 /* LaunchScreen.storyboard */; };
		6AE43D9D29CC31370058F5B7 /* CALayer+Ext.swift in Sources */ = {isa = PBXBuildFile; fileRef = 6AE43D9C29CC31370058F5B7 /* CALayer+Ext.swift */; };
		6AE43D9F29CC31500058F5B7 /* BaseViewController.swift in Sources */ = {isa = PBXBuildFile; fileRef = 6AE43D9E29CC31500058F5B7 /* BaseViewController.swift */; };
		6AE43DA129CC317B0058F5B7 /* TabBarController.swift in Sources */ = {isa = PBXBuildFile; fileRef = 6AE43DA029CC317B0058F5B7 /* TabBarController.swift */; };
		6AE43DA329CC31820058F5B7 /* HomeViewController.swift in Sources */ = {isa = PBXBuildFile; fileRef = 6AE43DA229CC31820058F5B7 /* HomeViewController.swift */; };
		6AE43DA529CC318C0058F5B7 /* ZzimViewController.swift in Sources */ = {isa = PBXBuildFile; fileRef = 6AE43DA429CC318C0058F5B7 /* ZzimViewController.swift */; };
		6AE43DA729CC32F10058F5B7 /* HomeViewModel.swift in Sources */ = {isa = PBXBuildFile; fileRef = 6AE43DA629CC32F10058F5B7 /* HomeViewModel.swift */; };
		6AE43DA929CC33930058F5B7 /* HomeModel.swift in Sources */ = {isa = PBXBuildFile; fileRef = 6AE43DA829CC33930058F5B7 /* HomeModel.swift */; };
		6AE43DAC29CC39050058F5B7 /* HomeService.swift in Sources */ = {isa = PBXBuildFile; fileRef = 6AE43DAB29CC39050058F5B7 /* HomeService.swift */; };
/* End PBXBuildFile section */

/* Begin PBXFileReference section */
		544C37096C672FCB8584C817 /* Pods_MS_Shopping_Demo.framework */ = {isa = PBXFileReference; explicitFileType = wrapper.framework; includeInIndex = 0; path = Pods_MS_Shopping_Demo.framework; sourceTree = BUILT_PRODUCTS_DIR; };
		6A7F5E2529D264FA0014CE24 /* ZzimGoods.swift */ = {isa = PBXFileReference; lastKnownFileType = sourcecode.swift; path = ZzimGoods.swift; sourceTree = "<group>"; };
		6A7F5E2729D278010014CE24 /* ZzimViewModel.swift */ = {isa = PBXFileReference; lastKnownFileType = sourcecode.swift; path = ZzimViewModel.swift; sourceTree = "<group>"; };
		6AA2C98D29CC9E4600D560FB /* BannerCell.swift */ = {isa = PBXFileReference; lastKnownFileType = sourcecode.swift; path = BannerCell.swift; sourceTree = "<group>"; };
		6AA2C98F29CC9E6A00D560FB /* GoodsCell.swift */ = {isa = PBXFileReference; lastKnownFileType = sourcecode.swift; path = GoodsCell.swift; sourceTree = "<group>"; };
		6AD2003629D154FD00F4372E /* ViewBanner.swift */ = {isa = PBXFileReference; lastKnownFileType = sourcecode.swift; path = ViewBanner.swift; sourceTree = "<group>"; };
		6AD2003829D156D700F4372E /* ViewGoods.swift */ = {isa = PBXFileReference; lastKnownFileType = sourcecode.swift; path = ViewGoods.swift; sourceTree = "<group>"; };
		6AD95B4E29CD890F007F2B54 /* UIColor+Ext.swift */ = {isa = PBXFileReference; lastKnownFileType = sourcecode.swift; path = "UIColor+Ext.swift"; sourceTree = "<group>"; };
		6AD95B5029CD925D007F2B54 /* Int+Ext.swift */ = {isa = PBXFileReference; lastKnownFileType = sourcecode.swift; path = "Int+Ext.swift"; sourceTree = "<group>"; };
		6AE43D8029CC2EA60058F5B7 /* MS_Shopping_Demo.app */ = {isa = PBXFileReference; explicitFileType = wrapper.application; includeInIndex = 0; path = MS_Shopping_Demo.app; sourceTree = BUILT_PRODUCTS_DIR; };
		6AE43D8329CC2EA60058F5B7 /* AppDelegate.swift */ = {isa = PBXFileReference; lastKnownFileType = sourcecode.swift; path = AppDelegate.swift; sourceTree = "<group>"; };
		6AE43D8529CC2EA60058F5B7 /* SceneDelegate.swift */ = {isa = PBXFileReference; lastKnownFileType = sourcecode.swift; path = SceneDelegate.swift; sourceTree = "<group>"; };
		6AE43D8729CC2EA60058F5B7 /* ViewController.swift */ = {isa = PBXFileReference; lastKnownFileType = sourcecode.swift; path = ViewController.swift; sourceTree = "<group>"; };
		6AE43D8C29CC2EA60058F5B7 /* Assets.xcassets */ = {isa = PBXFileReference; lastKnownFileType = folder.assetcatalog; path = Assets.xcassets; sourceTree = "<group>"; };
		6AE43D8F29CC2EA60058F5B7 /* Base */ = {isa = PBXFileReference; lastKnownFileType = file.storyboard; name = Base; path = Base.lproj/LaunchScreen.storyboard; sourceTree = "<group>"; };
		6AE43D9129CC2EA60058F5B7 /* Info.plist */ = {isa = PBXFileReference; lastKnownFileType = text.plist.xml; path = Info.plist; sourceTree = "<group>"; };
		6AE43D9C29CC31370058F5B7 /* CALayer+Ext.swift */ = {isa = PBXFileReference; lastKnownFileType = sourcecode.swift; path = "CALayer+Ext.swift"; sourceTree = "<group>"; };
		6AE43D9E29CC31500058F5B7 /* BaseViewController.swift */ = {isa = PBXFileReference; lastKnownFileType = sourcecode.swift; path = BaseViewController.swift; sourceTree = "<group>"; };
		6AE43DA029CC317B0058F5B7 /* TabBarController.swift */ = {isa = PBXFileReference; lastKnownFileType = sourcecode.swift; path = TabBarController.swift; sourceTree = "<group>"; };
		6AE43DA229CC31820058F5B7 /* HomeViewController.swift */ = {isa = PBXFileReference; lastKnownFileType = sourcecode.swift; path = HomeViewController.swift; sourceTree = "<group>"; };
		6AE43DA429CC318C0058F5B7 /* ZzimViewController.swift */ = {isa = PBXFileReference; lastKnownFileType = sourcecode.swift; path = ZzimViewController.swift; sourceTree = "<group>"; };
		6AE43DA629CC32F10058F5B7 /* HomeViewModel.swift */ = {isa = PBXFileReference; lastKnownFileType = sourcecode.swift; path = HomeViewModel.swift; sourceTree = "<group>"; };
		6AE43DA829CC33930058F5B7 /* HomeModel.swift */ = {isa = PBXFileReference; lastKnownFileType = sourcecode.swift; path = HomeModel.swift; sourceTree = "<group>"; };
		6AE43DAB29CC39050058F5B7 /* HomeService.swift */ = {isa = PBXFileReference; lastKnownFileType = sourcecode.swift; path = HomeService.swift; sourceTree = "<group>"; };
		B3F9F6B7623BF64724A7F321 /* Pods-MS_Shopping_Demo.debug.xcconfig */ = {isa = PBXFileReference; includeInIndex = 1; lastKnownFileType = text.xcconfig; name = "Pods-MS_Shopping_Demo.debug.xcconfig"; path = "Target Support Files/Pods-MS_Shopping_Demo/Pods-MS_Shopping_Demo.debug.xcconfig"; sourceTree = "<group>"; };
		C5E3C92CB2CBF3CD9BA6F18C /* Pods-MS_Shopping_Demo.release.xcconfig */ = {isa = PBXFileReference; includeInIndex = 1; lastKnownFileType = text.xcconfig; name = "Pods-MS_Shopping_Demo.release.xcconfig"; path = "Target Support Files/Pods-MS_Shopping_Demo/Pods-MS_Shopping_Demo.release.xcconfig"; sourceTree = "<group>"; };
/* End PBXFileReference section */

/* Begin PBXFrameworksBuildPhase section */
		6AE43D7D29CC2EA60058F5B7 /* Frameworks */ = {
			isa = PBXFrameworksBuildPhase;
			buildActionMask = 2147483647;
			files = (
				6A7F5E2329D1FD0F0014CE24 /* RealmSwift in Frameworks */,
				6A7F5E2129D1FD0F0014CE24 /* Realm in Frameworks */,
				42F176F15F29E331BDF292C7 /* Pods_MS_Shopping_Demo.framework in Frameworks */,
			);
			runOnlyForDeploymentPostprocessing = 0;
		};
/* End PBXFrameworksBuildPhase section */

/* Begin PBXGroup section */
		117C54C997EE26629893BBE7 /* Pods */ = {
			isa = PBXGroup;
			children = (
				B3F9F6B7623BF64724A7F321 /* Pods-MS_Shopping_Demo.debug.xcconfig */,
				C5E3C92CB2CBF3CD9BA6F18C /* Pods-MS_Shopping_Demo.release.xcconfig */,
			);
			path = Pods;
			sourceTree = "<group>";
		};
		6A7F5E2429D264D90014CE24 /* Realm */ = {
			isa = PBXGroup;
			children = (
				6A7F5E2529D264FA0014CE24 /* ZzimGoods.swift */,
			);
			path = Realm;
			sourceTree = "<group>";
		};
		6AE43D7729CC2EA60058F5B7 = {
			isa = PBXGroup;
			children = (
				6AE43D8229CC2EA60058F5B7 /* MS_Shopping_Demo */,
				6AE43D8129CC2EA60058F5B7 /* Products */,
				117C54C997EE26629893BBE7 /* Pods */,
				8BFD8FB98B260567010CD0D3 /* Frameworks */,
			);
			sourceTree = "<group>";
		};
		6AE43D8129CC2EA60058F5B7 /* Products */ = {
			isa = PBXGroup;
			children = (
				6AE43D8029CC2EA60058F5B7 /* MS_Shopping_Demo.app */,
			);
			name = Products;
			sourceTree = "<group>";
		};
		6AE43D8229CC2EA60058F5B7 /* MS_Shopping_Demo */ = {
			isa = PBXGroup;
			children = (
				6AE43DAA29CC38AD0058F5B7 /* Services */,
				6AE43D9B29CC31170058F5B7 /* Extensions */,
				6AE43D9A29CC310C0058F5B7 /* Models */,
				6AE43D9929CC31040058F5B7 /* Views */,
				6AE43D9829CC30F60058F5B7 /* View Models */,
				6AE43D9729CC30E90058F5B7 /* Utility */,
				6AE43D8329CC2EA60058F5B7 /* AppDelegate.swift */,
				6AE43D8529CC2EA60058F5B7 /* SceneDelegate.swift */,
				6AE43D8729CC2EA60058F5B7 /* ViewController.swift */,
				6AE43D8C29CC2EA60058F5B7 /* Assets.xcassets */,
				6AE43D8E29CC2EA60058F5B7 /* LaunchScreen.storyboard */,
				6AE43D9129CC2EA60058F5B7 /* Info.plist */,
			);
			path = MS_Shopping_Demo;
			sourceTree = "<group>";
		};
		6AE43D9729CC30E90058F5B7 /* Utility */ = {
			isa = PBXGroup;
			children = (
				6AE43D9E29CC31500058F5B7 /* BaseViewController.swift */,
			);
			path = Utility;
			sourceTree = "<group>";
		};
		6AE43D9829CC30F60058F5B7 /* View Models */ = {
			isa = PBXGroup;
			children = (
				6AE43DA629CC32F10058F5B7 /* HomeViewModel.swift */,
				6A7F5E2729D278010014CE24 /* ZzimViewModel.swift */,
				6AD2003629D154FD00F4372E /* ViewBanner.swift */,
				6AD2003829D156D700F4372E /* ViewGoods.swift */,
			);
			path = "View Models";
			sourceTree = "<group>";
		};
		6AE43D9929CC31040058F5B7 /* Views */ = {
			isa = PBXGroup;
			children = (
				6AE43DA029CC317B0058F5B7 /* TabBarController.swift */,
				6AE43DA229CC31820058F5B7 /* HomeViewController.swift */,
				6AE43DA429CC318C0058F5B7 /* ZzimViewController.swift */,
				6AA2C98D29CC9E4600D560FB /* BannerCell.swift */,
				6AA2C98F29CC9E6A00D560FB /* GoodsCell.swift */,
			);
			path = Views;
			sourceTree = "<group>";
		};
		6AE43D9A29CC310C0058F5B7 /* Models */ = {
			isa = PBXGroup;
			children = (
				6A7F5E2429D264D90014CE24 /* Realm */,
				6AE43DA829CC33930058F5B7 /* HomeModel.swift */,
			);
			path = Models;
			sourceTree = "<group>";
		};
		6AE43D9B29CC31170058F5B7 /* Extensions */ = {
			isa = PBXGroup;
			children = (
				6AE43D9C29CC31370058F5B7 /* CALayer+Ext.swift */,
				6AD95B4E29CD890F007F2B54 /* UIColor+Ext.swift */,
				6AD95B5029CD925D007F2B54 /* Int+Ext.swift */,
			);
			path = Extensions;
			sourceTree = "<group>";
		};
		6AE43DAA29CC38AD0058F5B7 /* Services */ = {
			isa = PBXGroup;
			children = (
				6AE43DAB29CC39050058F5B7 /* HomeService.swift */,
			);
			path = Services;
			sourceTree = "<group>";
		};
		8BFD8FB98B260567010CD0D3 /* Frameworks */ = {
			isa = PBXGroup;
			children = (
				544C37096C672FCB8584C817 /* Pods_MS_Shopping_Demo.framework */,
			);
			name = Frameworks;
			sourceTree = "<group>";
		};
/* End PBXGroup section */

/* Begin PBXNativeTarget section */
		6AE43D7F29CC2EA60058F5B7 /* MS_Shopping_Demo */ = {
			isa = PBXNativeTarget;
			buildConfigurationList = 6AE43D9429CC2EA60058F5B7 /* Build configuration list for PBXNativeTarget "MS_Shopping_Demo" */;
			buildPhases = (
				68982FF83BA81AF3C5108D84 /* [CP] Check Pods Manifest.lock */,
				6AE43D7C29CC2EA60058F5B7 /* Sources */,
				6AE43D7D29CC2EA60058F5B7 /* Frameworks */,
				6AE43D7E29CC2EA60058F5B7 /* Resources */,
				A059CA5D4E79FCEF9F3A06E6 /* [CP] Embed Pods Frameworks */,
			);
			buildRules = (
			);
			dependencies = (
			);
			name = MS_Shopping_Demo;
			packageProductDependencies = (
				6A7F5E2029D1FD0F0014CE24 /* Realm */,
				6A7F5E2229D1FD0F0014CE24 /* RealmSwift */,
			);
			productName = MS_Shopping_Demo;
			productReference = 6AE43D8029CC2EA60058F5B7 /* MS_Shopping_Demo.app */;
			productType = "com.apple.product-type.application";
		};
/* End PBXNativeTarget section */

/* Begin PBXProject section */
		6AE43D7829CC2EA60058F5B7 /* Project object */ = {
			isa = PBXProject;
			attributes = {
				BuildIndependentTargetsInParallel = 1;
				LastSwiftUpdateCheck = 1410;
				LastUpgradeCheck = 1410;
				TargetAttributes = {
					6AE43D7F29CC2EA60058F5B7 = {
						CreatedOnToolsVersion = 14.1;
					};
				};
			};
			buildConfigurationList = 6AE43D7B29CC2EA60058F5B7 /* Build configuration list for PBXProject "MS_Shopping_Demo" */;
			compatibilityVersion = "Xcode 14.0";
			developmentRegion = en;
			hasScannedForEncodings = 0;
			knownRegions = (
				en,
				Base,
			);
			mainGroup = 6AE43D7729CC2EA60058F5B7;
			packageReferences = (
				6A7F5E1F29D1FD0F0014CE24 /* XCRemoteSwiftPackageReference "realm-swift" */,
			);
			productRefGroup = 6AE43D8129CC2EA60058F5B7 /* Products */;
			projectDirPath = "";
			projectRoot = "";
			targets = (
				6AE43D7F29CC2EA60058F5B7 /* MS_Shopping_Demo */,
			);
		};
/* End PBXProject section */

/* Begin PBXResourcesBuildPhase section */
		6AE43D7E29CC2EA60058F5B7 /* Resources */ = {
			isa = PBXResourcesBuildPhase;
			buildActionMask = 2147483647;
			files = (
				6AE43D9029CC2EA60058F5B7 /* LaunchScreen.storyboard in Resources */,
				6AE43D8D29CC2EA60058F5B7 /* Assets.xcassets in Resources */,
			);
			runOnlyForDeploymentPostprocessing = 0;
		};
/* End PBXResourcesBuildPhase section */

/* Begin PBXShellScriptBuildPhase section */
		68982FF83BA81AF3C5108D84 /* [CP] Check Pods Manifest.lock */ = {
			isa = PBXShellScriptBuildPhase;
			buildActionMask = 2147483647;
			files = (
			);
			inputFileListPaths = (
			);
			inputPaths = (
				"${PODS_PODFILE_DIR_PATH}/Podfile.lock",
				"${PODS_ROOT}/Manifest.lock",
			);
			name = "[CP] Check Pods Manifest.lock";
			outputFileListPaths = (
			);
			outputPaths = (
				"$(DERIVED_FILE_DIR)/Pods-MS_Shopping_Demo-checkManifestLockResult.txt",
			);
			runOnlyForDeploymentPostprocessing = 0;
			shellPath = /bin/sh;
			shellScript = "diff \"${PODS_PODFILE_DIR_PATH}/Podfile.lock\" \"${PODS_ROOT}/Manifest.lock\" > /dev/null\nif [ $? != 0 ] ; then\n    # print error to STDERR\n    echo \"error: The sandbox is not in sync with the Podfile.lock. Run 'pod install' or update your CocoaPods installation.\" >&2\n    exit 1\nfi\n# This output is used by Xcode 'outputs' to avoid re-running this script phase.\necho \"SUCCESS\" > \"${SCRIPT_OUTPUT_FILE_0}\"\n";
			showEnvVarsInLog = 0;
		};
		A059CA5D4E79FCEF9F3A06E6 /* [CP] Embed Pods Frameworks */ = {
			isa = PBXShellScriptBuildPhase;
			buildActionMask = 2147483647;
			files = (
			);
			inputFileListPaths = (
				"${PODS_ROOT}/Target Support Files/Pods-MS_Shopping_Demo/Pods-MS_Shopping_Demo-frameworks-${CONFIGURATION}-input-files.xcfilelist",
			);
			name = "[CP] Embed Pods Frameworks";
			outputFileListPaths = (
				"${PODS_ROOT}/Target Support Files/Pods-MS_Shopping_Demo/Pods-MS_Shopping_Demo-frameworks-${CONFIGURATION}-output-files.xcfilelist",
			);
			runOnlyForDeploymentPostprocessing = 0;
			shellPath = /bin/sh;
			shellScript = "\"${PODS_ROOT}/Target Support Files/Pods-MS_Shopping_Demo/Pods-MS_Shopping_Demo-frameworks.sh\"\n";
			showEnvVarsInLog = 0;
		};
/* End PBXShellScriptBuildPhase section */

/* Begin PBXSourcesBuildPhase section */
		6AE43D7C29CC2EA60058F5B7 /* Sources */ = {
			isa = PBXSourcesBuildPhase;
			buildActionMask = 2147483647;
			files = (
				6A7F5E2629D264FA0014CE24 /* ZzimGoods.swift in Sources */,
				6AA2C99029CC9E6A00D560FB /* GoodsCell.swift in Sources */,
				6AE43D9F29CC31500058F5B7 /* BaseViewController.swift in Sources */,
				6AE43DA729CC32F10058F5B7 /* HomeViewModel.swift in Sources */,
				6AE43D8829CC2EA60058F5B7 /* ViewController.swift in Sources */,
				6AE43D9D29CC31370058F5B7 /* CALayer+Ext.swift in Sources */,
				6AD95B5129CD925D007F2B54 /* Int+Ext.swift in Sources */,
				6AE43DA129CC317B0058F5B7 /* TabBarController.swift in Sources */,
				6A7F5E2829D278010014CE24 /* ZzimViewModel.swift in Sources */,
				6AA2C98E29CC9E4600D560FB /* BannerCell.swift in Sources */,
				6AD95B4F29CD890F007F2B54 /* UIColor+Ext.swift in Sources */,
				6AE43DA529CC318C0058F5B7 /* ZzimViewController.swift in Sources */,
				6AE43D8429CC2EA60058F5B7 /* AppDelegate.swift in Sources */,
				6AE43DA329CC31820058F5B7 /* HomeViewController.swift in Sources */,
				6AD2003729D154FD00F4372E /* ViewBanner.swift in Sources */,
				6AD2003929D156D700F4372E /* ViewGoods.swift in Sources */,
				6AE43DAC29CC39050058F5B7 /* HomeService.swift in Sources */,
				6AE43DA929CC33930058F5B7 /* HomeModel.swift in Sources */,
				6AE43D8629CC2EA60058F5B7 /* SceneDelegate.swift in Sources */,
			);
			runOnlyForDeploymentPostprocessing = 0;
		};
/* End PBXSourcesBuildPhase section */

/* Begin PBXVariantGroup section */
		6AE43D8E29CC2EA60058F5B7 /* LaunchScreen.storyboard */ = {
			isa = PBXVariantGroup;
			children = (
				6AE43D8F29CC2EA60058F5B7 /* Base */,
			);
			name = LaunchScreen.storyboard;
			sourceTree = "<group>";
		};
/* End PBXVariantGroup section */

/* Begin XCBuildConfiguration section */
		6AE43D9229CC2EA60058F5B7 /* Debug */ = {
			isa = XCBuildConfiguration;
			buildSettings = {
				ALWAYS_SEARCH_USER_PATHS = NO;
				CLANG_ANALYZER_NONNULL = YES;
				CLANG_ANALYZER_NUMBER_OBJECT_CONVERSION = YES_AGGRESSIVE;
				CLANG_CXX_LANGUAGE_STANDARD = "gnu++20";
				CLANG_ENABLE_MODULES = YES;
				CLANG_ENABLE_OBJC_ARC = YES;
				CLANG_ENABLE_OBJC_WEAK = YES;
				CLANG_WARN_BLOCK_CAPTURE_AUTORELEASING = YES;
				CLANG_WARN_BOOL_CONVERSION = YES;
				CLANG_WARN_COMMA = YES;
				CLANG_WARN_CONSTANT_CONVERSION = YES;
				CLANG_WARN_DEPRECATED_OBJC_IMPLEMENTATIONS = YES;
				CLANG_WARN_DIRECT_OBJC_ISA_USAGE = YES_ERROR;
				CLANG_WARN_DOCUMENTATION_COMMENTS = YES;
				CLANG_WARN_EMPTY_BODY = YES;
				CLANG_WARN_ENUM_CONVERSION = YES;
				CLANG_WARN_INFINITE_RECURSION = YES;
				CLANG_WARN_INT_CONVERSION = YES;
				CLANG_WARN_NON_LITERAL_NULL_CONVERSION = YES;
				CLANG_WARN_OBJC_IMPLICIT_RETAIN_SELF = YES;
				CLANG_WARN_OBJC_LITERAL_CONVERSION = YES;
				CLANG_WARN_OBJC_ROOT_CLASS = YES_ERROR;
				CLANG_WARN_QUOTED_INCLUDE_IN_FRAMEWORK_HEADER = YES;
				CLANG_WARN_RANGE_LOOP_ANALYSIS = YES;
				CLANG_WARN_STRICT_PROTOTYPES = YES;
				CLANG_WARN_SUSPICIOUS_MOVE = YES;
				CLANG_WARN_UNGUARDED_AVAILABILITY = YES_AGGRESSIVE;
				CLANG_WARN_UNREACHABLE_CODE = YES;
				CLANG_WARN__DUPLICATE_METHOD_MATCH = YES;
				COPY_PHASE_STRIP = NO;
				DEBUG_INFORMATION_FORMAT = dwarf;
				ENABLE_STRICT_OBJC_MSGSEND = YES;
				ENABLE_TESTABILITY = YES;
				GCC_C_LANGUAGE_STANDARD = gnu11;
				GCC_DYNAMIC_NO_PIC = NO;
				GCC_NO_COMMON_BLOCKS = YES;
				GCC_OPTIMIZATION_LEVEL = 0;
				GCC_PREPROCESSOR_DEFINITIONS = (
					"DEBUG=1",
					"$(inherited)",
				);
				GCC_WARN_64_TO_32_BIT_CONVERSION = YES;
				GCC_WARN_ABOUT_RETURN_TYPE = YES_ERROR;
				GCC_WARN_UNDECLARED_SELECTOR = YES;
				GCC_WARN_UNINITIALIZED_AUTOS = YES_AGGRESSIVE;
				GCC_WARN_UNUSED_FUNCTION = YES;
				GCC_WARN_UNUSED_VARIABLE = YES;
				IPHONEOS_DEPLOYMENT_TARGET = 16.1;
				MTL_ENABLE_DEBUG_INFO = INCLUDE_SOURCE;
				MTL_FAST_MATH = YES;
				ONLY_ACTIVE_ARCH = YES;
				SDKROOT = iphoneos;
				SWIFT_ACTIVE_COMPILATION_CONDITIONS = DEBUG;
				SWIFT_OPTIMIZATION_LEVEL = "-Onone";
			};
			name = Debug;
		};
		6AE43D9329CC2EA60058F5B7 /* Release */ = {
			isa = XCBuildConfiguration;
			buildSettings = {
				ALWAYS_SEARCH_USER_PATHS = NO;
				CLANG_ANALYZER_NONNULL = YES;
				CLANG_ANALYZER_NUMBER_OBJECT_CONVERSION = YES_AGGRESSIVE;
				CLANG_CXX_LANGUAGE_STANDARD = "gnu++20";
				CLANG_ENABLE_MODULES = YES;
				CLANG_ENABLE_OBJC_ARC = YES;
				CLANG_ENABLE_OBJC_WEAK = YES;
				CLANG_WARN_BLOCK_CAPTURE_AUTORELEASING = YES;
				CLANG_WARN_BOOL_CONVERSION = YES;
				CLANG_WARN_COMMA = YES;
				CLANG_WARN_CONSTANT_CONVERSION = YES;
				CLANG_WARN_DEPRECATED_OBJC_IMPLEMENTATIONS = YES;
				CLANG_WARN_DIRECT_OBJC_ISA_USAGE = YES_ERROR;
				CLANG_WARN_DOCUMENTATION_COMMENTS = YES;
				CLANG_WARN_EMPTY_BODY = YES;
				CLANG_WARN_ENUM_CONVERSION = YES;
				CLANG_WARN_INFINITE_RECURSION = YES;
				CLANG_WARN_INT_CONVERSION = YES;
				CLANG_WARN_NON_LITERAL_NULL_CONVERSION = YES;
				CLANG_WARN_OBJC_IMPLICIT_RETAIN_SELF = YES;
				CLANG_WARN_OBJC_LITERAL_CONVERSION = YES;
				CLANG_WARN_OBJC_ROOT_CLASS = YES_ERROR;
				CLANG_WARN_QUOTED_INCLUDE_IN_FRAMEWORK_HEADER = YES;
				CLANG_WARN_RANGE_LOOP_ANALYSIS = YES;
				CLANG_WARN_STRICT_PROTOTYPES = YES;
				CLANG_WARN_SUSPICIOUS_MOVE = YES;
				CLANG_WARN_UNGUARDED_AVAILABILITY = YES_AGGRESSIVE;
				CLANG_WARN_UNREACHABLE_CODE = YES;
				CLANG_WARN__DUPLICATE_METHOD_MATCH = YES;
				COPY_PHASE_STRIP = NO;
				DEBUG_INFORMATION_FORMAT = "dwarf-with-dsym";
				ENABLE_NS_ASSERTIONS = NO;
				ENABLE_STRICT_OBJC_MSGSEND = YES;
				GCC_C_LANGUAGE_STANDARD = gnu11;
				GCC_NO_COMMON_BLOCKS = YES;
				GCC_WARN_64_TO_32_BIT_CONVERSION = YES;
				GCC_WARN_ABOUT_RETURN_TYPE = YES_ERROR;
				GCC_WARN_UNDECLARED_SELECTOR = YES;
				GCC_WARN_UNINITIALIZED_AUTOS = YES_AGGRESSIVE;
				GCC_WARN_UNUSED_FUNCTION = YES;
				GCC_WARN_UNUSED_VARIABLE = YES;
				IPHONEOS_DEPLOYMENT_TARGET = 16.1;
				MTL_ENABLE_DEBUG_INFO = NO;
				MTL_FAST_MATH = YES;
				SDKROOT = iphoneos;
				SWIFT_COMPILATION_MODE = wholemodule;
				SWIFT_OPTIMIZATION_LEVEL = "-O";
				VALIDATE_PRODUCT = YES;
			};
			name = Release;
		};
		6AE43D9529CC2EA60058F5B7 /* Debug */ = {
			isa = XCBuildConfiguration;
			baseConfigurationReference = B3F9F6B7623BF64724A7F321 /* Pods-MS_Shopping_Demo.debug.xcconfig */;
			buildSettings = {
				ASSETCATALOG_COMPILER_APPICON_NAME = AppIcon;
				ASSETCATALOG_COMPILER_GLOBAL_ACCENT_COLOR_NAME = AccentColor;
				CODE_SIGN_STYLE = Automatic;
				CURRENT_PROJECT_VERSION = 1;
				DEVELOPMENT_TEAM = 34JS69S5XZ;
				GENERATE_INFOPLIST_FILE = YES;
				INFOPLIST_FILE = MS_Shopping_Demo/Info.plist;
				INFOPLIST_KEY_UIApplicationSupportsIndirectInputEvents = YES;
				INFOPLIST_KEY_UILaunchStoryboardName = LaunchScreen;
				INFOPLIST_KEY_UIMainStoryboardFile = "";
				INFOPLIST_KEY_UISupportedInterfaceOrientations_iPad = "UIInterfaceOrientationPortrait UIInterfaceOrientationPortraitUpsideDown UIInterfaceOrientationLandscapeLeft UIInterfaceOrientationLandscapeRight";
				INFOPLIST_KEY_UISupportedInterfaceOrientations_iPhone = "UIInterfaceOrientationPortrait UIInterfaceOrientationLandscapeLeft UIInterfaceOrientationLandscapeRight";
				IPHONEOS_DEPLOYMENT_TARGET = 13.0;
				LD_RUNPATH_SEARCH_PATHS = (
					"$(inherited)",
					"@executable_path/Frameworks",
				);
				MARKETING_VERSION = 1.0;
				PRODUCT_BUNDLE_IDENTIFIER = "ekko.MS-Shopping-Demo";
				PRODUCT_NAME = "$(TARGET_NAME)";
				SWIFT_EMIT_LOC_STRINGS = YES;
				SWIFT_VERSION = 5.0;
				TARGETED_DEVICE_FAMILY = "1,2";
			};
			name = Debug;
		};
		6AE43D9629CC2EA60058F5B7 /* Release */ = {
			isa = XCBuildConfiguration;
			baseConfigurationReference = C5E3C92CB2CBF3CD9BA6F18C /* Pods-MS_Shopping_Demo.release.xcconfig */;
			buildSettings = {
				ASSETCATALOG_COMPILER_APPICON_NAME = AppIcon;
				ASSETCATALOG_COMPILER_GLOBAL_ACCENT_COLOR_NAME = AccentColor;
				CODE_SIGN_STYLE = Automatic;
				CURRENT_PROJECT_VERSION = 1;
				DEVELOPMENT_TEAM = 34JS69S5XZ;
				GENERATE_INFOPLIST_FILE = YES;
				INFOPLIST_FILE = MS_Shopping_Demo/Info.plist;
				INFOPLIST_KEY_UIApplicationSupportsIndirectInputEvents = YES;
				INFOPLIST_KEY_UILaunchStoryboardName = LaunchScreen;
				INFOPLIST_KEY_UIMainStoryboardFile = "";
				INFOPLIST_KEY_UISupportedInterfaceOrientations_iPad = "UIInterfaceOrientationPortrait UIInterfaceOrientationPortraitUpsideDown UIInterfaceOrientationLandscapeLeft UIInterfaceOrientationLandscapeRight";
				INFOPLIST_KEY_UISupportedInterfaceOrientations_iPhone = "UIInterfaceOrientationPortrait UIInterfaceOrientationLandscapeLeft UIInterfaceOrientationLandscapeRight";
				IPHONEOS_DEPLOYMENT_TARGET = 13.0;
				LD_RUNPATH_SEARCH_PATHS = (
					"$(inherited)",
					"@executable_path/Frameworks",
				);
				MARKETING_VERSION = 1.0;
				PRODUCT_BUNDLE_IDENTIFIER = "ekko.MS-Shopping-Demo";
				PRODUCT_NAME = "$(TARGET_NAME)";
				SWIFT_EMIT_LOC_STRINGS = YES;
				SWIFT_VERSION = 5.0;
				TARGETED_DEVICE_FAMILY = "1,2";
			};
			name = Release;
		};
/* End XCBuildConfiguration section */

/* Begin XCConfigurationList section */
		6AE43D7B29CC2EA60058F5B7 /* Build configuration list for PBXProject "MS_Shopping_Demo" */ = {
			isa = XCConfigurationList;
			buildConfigurations = (
				6AE43D9229CC2EA60058F5B7 /* Debug */,
				6AE43D9329CC2EA60058F5B7 /* Release */,
			);
			defaultConfigurationIsVisible = 0;
			defaultConfigurationName = Release;
		};
		6AE43D9429CC2EA60058F5B7 /* Build configuration list for PBXNativeTarget "MS_Shopping_Demo" */ = {
			isa = XCConfigurationList;
			buildConfigurations = (
				6AE43D9529CC2EA60058F5B7 /* Debug */,
				6AE43D9629CC2EA60058F5B7 /* Release */,
			);
			defaultConfigurationIsVisible = 0;
			defaultConfigurationName = Release;
		};
/* End XCConfigurationList section */

/* Begin XCRemoteSwiftPackageReference section */
		6A7F5E1F29D1FD0F0014CE24 /* XCRemoteSwiftPackageReference "realm-swift" */ = {
			isa = XCRemoteSwiftPackageReference;
			repositoryURL = "https://github.com/realm/realm-swift.git";
			requirement = {
				branch = master;
				kind = branch;
			};
		};
/* End XCRemoteSwiftPackageReference section */

/* Begin XCSwiftPackageProductDependency section */
		6A7F5E2029D1FD0F0014CE24 /* Realm */ = {
			isa = XCSwiftPackageProductDependency;
			package = 6A7F5E1F29D1FD0F0014CE24 /* XCRemoteSwiftPackageReference "realm-swift" */;
			productName = Realm;
		};
		6A7F5E2229D1FD0F0014CE24 /* RealmSwift */ = {
			isa = XCSwiftPackageProductDependency;
			package = 6A7F5E1F29D1FD0F0014CE24 /* XCRemoteSwiftPackageReference "realm-swift" */;
			productName = RealmSwift;
		};
/* End XCSwiftPackageProductDependency section */
	};
	rootObject = 6AE43D7829CC2EA60058F5B7 /* Project object */;
}
